
Microsoft Visual Studio Solution File, Format Version 12.00
# Visual Studio 15
VisualStudioVersion = 15.0.28307.489
MinimumVisualStudioVersion = 10.0.40219.1
Project("{8BC9CEB8-8B4A-11D0-8D11-00A0C91BC942}") = "leetcode", "leetcode\leetcode.vcxproj", "{90807E01-AE27-46F5-BA2C-48434E111181}"
EndProject
Global
	GlobalSection(SolutionConfigurationPlatforms) = preSolution
		Debug|x64 = Debug|x64
		Debug|x86 = Debug|x86
		Release|x64 = Release|x64
		Release|x86 = Release|x86
	EndGlobalSection
	GlobalSection(ProjectConfigurationPlatforms) = postSolution
		{90807E01-AE27-46F5-BA2C-48434E111181}.Debug|x64.ActiveCfg = Debug|x64
		{90807E01-AE27-46F5-BA2C-48434E111181}.Debug|x64.Build.0 = Debug|x64
		{90807E01-AE27-46F5-BA2C-48434E111181}.Debug|x86.ActiveCfg = Debug|Win32
		{90807E01-AE27-46F5-BA2C-48434E111181}.Debug|x86.Build.0 = Debug|Win32
		{90807E01-AE27-46F5-BA2C-48434E111181}.Release|x64.ActiveCfg = Release|x64
		{90807E01-AE27-46F5-BA2C-48434E111181}.Release|x64.Build.0 = Release|x64
		{90807E01-AE27-46F5-BA2C-48434E111181}.Release|x86.ActiveCfg = Release|Win32
		{90807E01-AE27-46F5-BA2C-48434E111181}.Release|x86.Build.0 = Release|Win32
	EndGlobalSection
	GlobalSection(SolutionProperties) = preSolution
		HideSolutionNode = FALSE
	EndGlobalSection
	GlobalSection(ExtensibilityGlobals) = postSolution
		SolutionGuid = {49E7C5CA-49A4-4CB7-A5E6-051109BA6AB9}
	EndGlobalSection
EndGlobal
