<?xml version="1.0" encoding="utf-8"?>
<Project ToolsVersion="4.0" xmlns="http://schemas.microsoft.com/developer/msbuild/2003">
  <ItemGroup>
    <Filter Include="源文件">
      <UniqueIdentifier>{4FC737F1-C7A5-4376-A066-2A32D752A2FF}</UniqueIdentifier>
      <Extensions>cpp;c;cc;cxx;def;odl;idl;hpj;bat;asm;asmx</Extensions>
    </Filter>
    <Filter Include="头文件">
      <UniqueIdentifier>{93995380-89BD-4b04-88EB-625FBE52EBFB}</UniqueIdentifier>
      <Extensions>h;hh;hpp;hxx;hm;inl;inc;ipp;xsd</Extensions>
    </Filter>
    <Filter Include="资源文件">
      <UniqueIdentifier>{67DA6AB6-F800-4c08-8B7A-83BB121AAD01}</UniqueIdentifier>
      <Extensions>rc;ico;cur;bmp;dlg;rc2;rct;bin;rgs;gif;jpg;jpeg;jpe;resx;tiff;tif;png;wav;mfcribbon-ms</Extensions>
    </Filter>
    <Filter Include="源文件\BackTrack">
      <UniqueIdentifier>{80b54529-6d82-477a-a73e-9a45a6af5831}</UniqueIdentifier>
    </Filter>
    <Filter Include="源文件\BruteForce">
      <UniqueIdentifier>{be92d73b-fb77-4431-b24e-a855dd520294}</UniqueIdentifier>
    </Filter>
    <Filter Include="源文件\Simulation">
      <UniqueIdentifier>{02b73f87-d061-4051-9fbf-d81f1f1aa402}</UniqueIdentifier>
    </Filter>
    <Filter Include="源文件\Greedy">
      <UniqueIdentifier>{034aaa22-8053-42e7-b5fe-f2641fffa621}</UniqueIdentifier>
    </Filter>
    <Filter Include="源文件\SortPreTreat">
      <UniqueIdentifier>{70097c84-60c2-4448-b7bc-d7b133bd32c9}</UniqueIdentifier>
    </Filter>
    <Filter Include="源文件\BinarySearch">
      <UniqueIdentifier>{7b10e0cb-4e91-4d32-835a-b67799f13bf6}</UniqueIdentifier>
    </Filter>
    <Filter Include="源文件\Math">
      <UniqueIdentifier>{90a034f1-3b7a-4aab-8a39-fe3918917282}</UniqueIdentifier>
    </Filter>
    <Filter Include="源文件\ListNode">
      <UniqueIdentifier>{525430d1-e701-4f78-b6ad-79978bf5eee9}</UniqueIdentifier>
    </Filter>
    <Filter Include="源文件\DP">
      <UniqueIdentifier>{ba7f2075-88de-46f8-ad5e-82b886ad4f4b}</UniqueIdentifier>
    </Filter>
    <Filter Include="源文件\FiniteStateMachine">
      <UniqueIdentifier>{39bba9b0-e33d-47f9-ad57-48468037b9d4}</UniqueIdentifier>
    </Filter>
    <Filter Include="源文件\Stack">
      <UniqueIdentifier>{430fbc75-0c6a-4bcf-bd37-d3d7271a7acb}</UniqueIdentifier>
    </Filter>
    <Filter Include="源文件\Special">
      <UniqueIdentifier>{bdd84835-974b-4b05-864f-f8d46a23b355}</UniqueIdentifier>
    </Filter>
  </ItemGroup>
  <ItemGroup>
    <ClInclude Include="pch.h">
      <Filter>头文件</Filter>
    </ClInclude>
    <ClInclude Include="listnode.h">
      <Filter>头文件</Filter>
    </ClInclude>
    <ClInclude Include="BinaryTree.h">
      <Filter>头文件</Filter>
    </ClInclude>
    <ClInclude Include="public.h">
      <Filter>头文件</Filter>
    </ClInclude>
  </ItemGroup>
  <ItemGroup>
    <None Include="packages.config" />
  </ItemGroup>
  <ItemGroup>
    <ClCompile Include="BinaryTree.cpp">
      <Filter>源文件</Filter>
    </ClCompile>
    <ClCompile Include="ListNode.cpp">
      <Filter>源文件</Filter>
    </ClCompile>
    <ClCompile Include="test.cpp">
      <Filter>源文件</Filter>
    </ClCompile>
    <ClCompile Include="commonalg.cpp">
      <Filter>源文件</Filter>
    </ClCompile>
    <ClCompile Include="51. N-Queens.cpp">
      <Filter>源文件\BackTrack</Filter>
    </ClCompile>
    <ClCompile Include="52. N-Queens II.cpp">
      <Filter>源文件\BackTrack</Filter>
    </ClCompile>
    <ClCompile Include="53. Maximum Subarray.cpp">
      <Filter>源文件\BruteForce</Filter>
    </ClCompile>
    <ClCompile Include="54. Spiral Matrix.cpp">
      <Filter>源文件\Simulation</Filter>
    </ClCompile>
    <ClCompile Include="55. Jump Game.cpp">
      <Filter>源文件\Greedy</Filter>
    </ClCompile>
    <ClCompile Include="56. Merge Intervals.cpp">
      <Filter>源文件\SortPreTreat</Filter>
    </ClCompile>
    <ClCompile Include="57. Insert Interval.cpp">
      <Filter>源文件\BinarySearch</Filter>
    </ClCompile>
    <ClCompile Include="58. Length of Last Word.cpp">
      <Filter>源文件\BruteForce</Filter>
    </ClCompile>
    <ClCompile Include="60. Permutation Sequence.cpp">
      <Filter>源文件\Math</Filter>
    </ClCompile>
    <ClCompile Include="61. Rotate List.cpp">
      <Filter>源文件\ListNode</Filter>
    </ClCompile>
    <ClCompile Include="62. Unique Paths.cpp">
      <Filter>源文件\DP</Filter>
    </ClCompile>
    <ClCompile Include="63. Unique Paths II.cpp">
      <Filter>源文件\DP</Filter>
    </ClCompile>
    <ClCompile Include="64. Minimum Path Sum.cpp">
      <Filter>源文件\DP</Filter>
    </ClCompile>
    <ClCompile Include="65. Valid Number.cpp">
      <Filter>源文件\FiniteStateMachine</Filter>
    </ClCompile>
    <ClCompile Include="59. Spiral Matrix II.cpp">
      <Filter>源文件\Simulation</Filter>
    </ClCompile>
    <ClCompile Include="67. Add Binary.cpp">
      <Filter>源文件\Simulation</Filter>
    </ClCompile>
    <ClCompile Include="66. Plus One.cpp">
      <Filter>源文件\Simulation</Filter>
    </ClCompile>
    <ClCompile Include="68. Text Justification.cpp">
      <Filter>源文件\Simulation</Filter>
    </ClCompile>
    <ClCompile Include="69. Sqrt(x).cpp">
      <Filter>源文件\Math</Filter>
    </ClCompile>
    <ClCompile Include="70. Climbing Stairs.cpp">
      <Filter>源文件\DP</Filter>
    </ClCompile>
    <ClCompile Include="71. Simplify Path.cpp">
      <Filter>源文件\Stack</Filter>
    </ClCompile>
    <ClCompile Include="72. Edit Distance.cpp">
      <Filter>源文件\DP</Filter>
    </ClCompile>
    <ClCompile Include="73. Set Matrix Zeroes.cpp">
      <Filter>源文件\Simulation</Filter>
    </ClCompile>
    <ClCompile Include="74. Search a 2D Matrix.cpp">
      <Filter>源文件\BinarySearch</Filter>
    </ClCompile>
    <ClCompile Include="75. Sort Colors.cpp">
      <Filter>源文件\Special</Filter>
    </ClCompile>
  </ItemGroup>
</Project>