<?xml version="1.0" encoding="utf-8"?>
<Project ToolsVersion="4.0" xmlns="http://schemas.microsoft.com/developer/msbuild/2003">
  <ItemGroup>
    <Filter Include="源文件">
      <UniqueIdentifier>{4FC737F1-C7A5-4376-A066-2A32D752A2FF}</UniqueIdentifier>
      <Extensions>cpp;c;cc;cxx;def;odl;idl;hpj;bat;asm;asmx</Extensions>
    </Filter>
    <Filter Include="头文件">
      <UniqueIdentifier>{93995380-89BD-4b04-88EB-625FBE52EBFB}</UniqueIdentifier>
      <Extensions>h;hh;hpp;hxx;hm;inl;inc;ipp;xsd</Extensions>
    </Filter>
    <Filter Include="源文件\Array">
      <UniqueIdentifier>{8f7cc73e-10f5-4af3-b0f0-ab8ec0f78293}</UniqueIdentifier>
    </Filter>
    <Filter Include="源文件\LinkList">
      <UniqueIdentifier>{2a2ecaed-1b90-4716-ad96-6bef84dd1f56}</UniqueIdentifier>
    </Filter>
    <Filter Include="源文件\String">
      <UniqueIdentifier>{c13098af-2edf-428f-8e88-826fa3225063}</UniqueIdentifier>
    </Filter>
    <Filter Include="源文件\DC">
      <UniqueIdentifier>{d7a92ef2-f2ae-45dd-a58a-1f96dba9ad58}</UniqueIdentifier>
    </Filter>
    <Filter Include="源文件\Math">
      <UniqueIdentifier>{94e552d6-9abc-41d3-ab4d-21e5fcb20e46}</UniqueIdentifier>
    </Filter>
    <Filter Include="源文件\DP">
      <UniqueIdentifier>{61a5fc2d-e743-41c1-8e30-4fa9c823ae2e}</UniqueIdentifier>
    </Filter>
    <Filter Include="资源文件">
      <UniqueIdentifier>{67DA6AB6-F800-4c08-8B7A-83BB121AAD01}</UniqueIdentifier>
      <Extensions>rc;ico;cur;bmp;dlg;rc2;rct;bin;rgs;gif;jpg;jpeg;jpe;resx;tiff;tif;png;wav;mfcribbon-ms</Extensions>
    </Filter>
    <Filter Include="源文件\BackTracking">
      <UniqueIdentifier>{4fdb2d0f-9d1b-4cb1-94ee-d32ec61a00d3}</UniqueIdentifier>
    </Filter>
  </ItemGroup>
  <ItemGroup>
    <ClInclude Include="pch.h">
      <Filter>头文件</Filter>
    </ClInclude>
    <ClInclude Include="listnode.h">
      <Filter>头文件</Filter>
    </ClInclude>
    <ClInclude Include="BinaryTree.h">
      <Filter>头文件</Filter>
    </ClInclude>
    <ClInclude Include="public.h">
      <Filter>头文件</Filter>
    </ClInclude>
  </ItemGroup>
  <ItemGroup>
    <None Include="packages.config" />
  </ItemGroup>
  <ItemGroup>
    <ClCompile Include="BinaryTree.cpp">
      <Filter>源文件</Filter>
    </ClCompile>
    <ClCompile Include="ListNode.cpp">
      <Filter>源文件</Filter>
    </ClCompile>
    <ClCompile Include="test.cpp">
      <Filter>源文件</Filter>
    </ClCompile>
    <ClCompile Include="commonalg.cpp">
      <Filter>源文件</Filter>
    </ClCompile>
    <ClCompile Include="1125. smallest-sufficient-team.cpp">
      <Filter>源文件</Filter>
    </ClCompile>
    <ClCompile Include="1036. escape-a-large-maze.cpp">
      <Filter>源文件</Filter>
    </ClCompile>
    <ClCompile Include="1032. stream-of-characters.cpp">
      <Filter>源文件</Filter>
    </ClCompile>
    <ClCompile Include="952. largest-component-size-by-common-factor.cpp">
      <Filter>源文件</Filter>
    </ClCompile>
  </ItemGroup>
</Project>