<?xml version="1.0" encoding="utf-8"?>
<Project ToolsVersion="4.0" xmlns="http://schemas.microsoft.com/developer/msbuild/2003">
  <ItemGroup>
    <Filter Include="源文件">
      <UniqueIdentifier>{4FC737F1-C7A5-4376-A066-2A32D752A2FF}</UniqueIdentifier>
      <Extensions>cpp;c;cc;cxx;def;odl;idl;hpj;bat;asm;asmx</Extensions>
    </Filter>
    <Filter Include="头文件">
      <UniqueIdentifier>{93995380-89BD-4b04-88EB-625FBE52EBFB}</UniqueIdentifier>
      <Extensions>h;hh;hpp;hxx;hm;inl;inc;ipp;xsd</Extensions>
    </Filter>
    <Filter Include="资源文件">
      <UniqueIdentifier>{67DA6AB6-F800-4c08-8B7A-83BB121AAD01}</UniqueIdentifier>
      <Extensions>rc;ico;cur;bmp;dlg;rc2;rct;bin;rgs;gif;jpg;jpeg;jpe;resx;tiff;tif;png;wav;mfcribbon-ms</Extensions>
    </Filter>
    <Filter Include="源文件\CommonAlg">
      <UniqueIdentifier>{3e1984bf-4c67-45e6-8a03-05ef84a91da4}</UniqueIdentifier>
    </Filter>
    <Filter Include="源文件\CommonAlg\DP">
      <UniqueIdentifier>{ba7f2075-88de-46f8-ad5e-82b886ad4f4b}</UniqueIdentifier>
    </Filter>
    <Filter Include="源文件\CommonAlg\BinarySearch">
      <UniqueIdentifier>{7b10e0cb-4e91-4d32-835a-b67799f13bf6}</UniqueIdentifier>
    </Filter>
    <Filter Include="源文件\CommonAlg\BackTrack">
      <UniqueIdentifier>{80b54529-6d82-477a-a73e-9a45a6af5831}</UniqueIdentifier>
    </Filter>
    <Filter Include="源文件\CommonAlg\SlidingWindow">
      <UniqueIdentifier>{6a2e1eb5-53dd-45c4-955f-9e80ee1f4eb3}</UniqueIdentifier>
    </Filter>
    <Filter Include="源文件\CommonAlg\Stack">
      <UniqueIdentifier>{430fbc75-0c6a-4bcf-bd37-d3d7271a7acb}</UniqueIdentifier>
    </Filter>
    <Filter Include="源文件\SpecialAlg">
      <UniqueIdentifier>{649445af-6b8a-40c4-a522-702d93739ad5}</UniqueIdentifier>
    </Filter>
    <Filter Include="源文件\SpecialAlg\Math">
      <UniqueIdentifier>{90a034f1-3b7a-4aab-8a39-fe3918917282}</UniqueIdentifier>
    </Filter>
    <Filter Include="源文件\SpecialAlg\ListNode">
      <UniqueIdentifier>{525430d1-e701-4f78-b6ad-79978bf5eee9}</UniqueIdentifier>
    </Filter>
    <Filter Include="源文件\SpecialAlg\BitOperation">
      <UniqueIdentifier>{588c88c0-0730-4a58-b8bc-34866b633a2b}</UniqueIdentifier>
    </Filter>
    <Filter Include="源文件\SpecialAlg\Special">
      <UniqueIdentifier>{bdd84835-974b-4b05-864f-f8d46a23b355}</UniqueIdentifier>
    </Filter>
    <Filter Include="源文件\SpecialAlg\BinaryTree">
      <UniqueIdentifier>{e58e0017-d90a-4be4-9476-e624a15dc540}</UniqueIdentifier>
    </Filter>
    <Filter Include="源文件\CommonAlg\DivideAndConquer">
      <UniqueIdentifier>{dbc0a33b-4eed-4741-990a-541a829378bb}</UniqueIdentifier>
    </Filter>
    <Filter Include="源文件\CommonAlg\DFS/BFS">
      <UniqueIdentifier>{ab71c7e8-783c-4e46-95c7-ce6f2623d82c}</UniqueIdentifier>
    </Filter>
    <Filter Include="源文件\SpecialAlg\Design">
      <UniqueIdentifier>{c7bdb619-18ec-46bb-bf22-a08a9a5659fa}</UniqueIdentifier>
    </Filter>
    <Filter Include="源文件\牛客">
      <UniqueIdentifier>{39ce2985-3bbf-4a57-9dc9-d14811bd79b1}</UniqueIdentifier>
    </Filter>
    <Filter Include="源文件\SpecialAlg\Others">
      <UniqueIdentifier>{dda1179a-392e-4517-b9cf-c3b155ce7a71}</UniqueIdentifier>
    </Filter>
    <Filter Include="源文件\CommonAlg\拓扑排序">
      <UniqueIdentifier>{a3bd6d07-4eab-4639-8e26-f89114a7c146}</UniqueIdentifier>
    </Filter>
    <Filter Include="源文件\HardAlg">
      <UniqueIdentifier>{51488004-58ed-41d6-b82a-2dd7ac9d5e04}</UniqueIdentifier>
    </Filter>
    <Filter Include="源文件\HardAlg\前缀树">
      <UniqueIdentifier>{4763f793-9ba5-4bbd-ba68-e6dd47398443}</UniqueIdentifier>
    </Filter>
    <Filter Include="源文件\CommonAlg\SortPreTreat先排序再模拟">
      <UniqueIdentifier>{70097c84-60c2-4448-b7bc-d7b133bd32c9}</UniqueIdentifier>
    </Filter>
    <Filter Include="源文件\BaseAlg">
      <UniqueIdentifier>{87b854a6-93db-4f11-b3b9-1e36949a4b2a}</UniqueIdentifier>
    </Filter>
    <Filter Include="源文件\BaseAlg\BruteForce">
      <UniqueIdentifier>{be92d73b-fb77-4431-b24e-a855dd520294}</UniqueIdentifier>
    </Filter>
    <Filter Include="源文件\BaseAlg\FiniteStateMachine">
      <UniqueIdentifier>{39bba9b0-e33d-47f9-ad57-48468037b9d4}</UniqueIdentifier>
    </Filter>
    <Filter Include="源文件\BaseAlg\Simulation%28模拟规则或者流水线式代码，无特定分类%29">
      <UniqueIdentifier>{02b73f87-d061-4051-9fbf-d81f1f1aa402}</UniqueIdentifier>
    </Filter>
    <Filter Include="源文件\CommonAlg\Greedy">
      <UniqueIdentifier>{caf4c049-408b-40c8-b9ab-01a54412c630}</UniqueIdentifier>
    </Filter>
    <Filter Include="源文件\CommonAlg\优先队列/大顶堆/小顶堆">
      <UniqueIdentifier>{49dbfe32-af3f-4bf4-a241-3843758beb21}</UniqueIdentifier>
    </Filter>
    <Filter Include="源文件\HardAlg\线段树/sqrt%28n%29算法">
      <UniqueIdentifier>{238cbbac-8793-47d0-964c-d03022da3888}</UniqueIdentifier>
    </Filter>
    <Filter Include="源文件\上锁">
      <UniqueIdentifier>{28241e9e-a494-409f-9cb3-af6a20052bdf}</UniqueIdentifier>
    </Filter>
    <Filter Include="源文件\SpecialAlg\随机数">
      <UniqueIdentifier>{0a3e0398-86ad-4f4f-97b0-27456bf59935}</UniqueIdentifier>
    </Filter>
    <Filter Include="源文件\CommonAlg\Hash/Map/vectorTypeHash">
      <UniqueIdentifier>{0435cff6-cf40-4700-b717-77e94284750a}</UniqueIdentifier>
    </Filter>
    <Filter Include="源文件\CommonAlg\并查集">
      <UniqueIdentifier>{67fac98b-3017-439b-b1c7-593768659567}</UniqueIdentifier>
    </Filter>
  </ItemGroup>
  <ItemGroup>
    <ClInclude Include="pch.h">
      <Filter>头文件</Filter>
    </ClInclude>
    <ClInclude Include="listnode.h">
      <Filter>头文件</Filter>
    </ClInclude>
    <ClInclude Include="BinaryTree.h">
      <Filter>头文件</Filter>
    </ClInclude>
    <ClInclude Include="public.h">
      <Filter>头文件</Filter>
    </ClInclude>
  </ItemGroup>
  <ItemGroup>
    <None Include="packages.config" />
  </ItemGroup>
  <ItemGroup>
    <ClCompile Include="BinaryTree.cpp">
      <Filter>源文件</Filter>
    </ClCompile>
    <ClCompile Include="ListNode.cpp">
      <Filter>源文件</Filter>
    </ClCompile>
    <ClCompile Include="test.cpp">
      <Filter>源文件</Filter>
    </ClCompile>
    <ClCompile Include="commonalg.cpp">
      <Filter>源文件</Filter>
    </ClCompile>
    <ClCompile Include="51. N-Queens.cpp">
      <Filter>源文件\CommonAlg\BackTrack</Filter>
    </ClCompile>
    <ClCompile Include="52. N-Queens II.cpp">
      <Filter>源文件\CommonAlg\BackTrack</Filter>
    </ClCompile>
    <ClCompile Include="53. Maximum Subarray.cpp">
      <Filter>源文件\BaseAlg\BruteForce</Filter>
    </ClCompile>
    <ClCompile Include="54. Spiral Matrix.cpp">
      <Filter>源文件\BaseAlg\Simulation%28模拟规则或者流水线式代码，无特定分类%29</Filter>
    </ClCompile>
    <ClCompile Include="56. Merge Intervals.cpp">
      <Filter>源文件\CommonAlg\SortPreTreat先排序再模拟</Filter>
    </ClCompile>
    <ClCompile Include="57. Insert Interval.cpp">
      <Filter>源文件\CommonAlg\BinarySearch</Filter>
    </ClCompile>
    <ClCompile Include="58. Length of Last Word.cpp">
      <Filter>源文件\BaseAlg\BruteForce</Filter>
    </ClCompile>
    <ClCompile Include="60. Permutation Sequence.cpp">
      <Filter>源文件\SpecialAlg\Math</Filter>
    </ClCompile>
    <ClCompile Include="61. Rotate List.cpp">
      <Filter>源文件\SpecialAlg\ListNode</Filter>
    </ClCompile>
    <ClCompile Include="62. Unique Paths.cpp">
      <Filter>源文件\CommonAlg\DP</Filter>
    </ClCompile>
    <ClCompile Include="63. Unique Paths II.cpp">
      <Filter>源文件\CommonAlg\DP</Filter>
    </ClCompile>
    <ClCompile Include="64. Minimum Path Sum.cpp">
      <Filter>源文件\CommonAlg\DP</Filter>
    </ClCompile>
    <ClCompile Include="65. Valid Number.cpp">
      <Filter>源文件\BaseAlg\FiniteStateMachine</Filter>
    </ClCompile>
    <ClCompile Include="59. Spiral Matrix II.cpp">
      <Filter>源文件\BaseAlg\Simulation%28模拟规则或者流水线式代码，无特定分类%29</Filter>
    </ClCompile>
    <ClCompile Include="67. Add Binary.cpp">
      <Filter>源文件\BaseAlg\Simulation%28模拟规则或者流水线式代码，无特定分类%29</Filter>
    </ClCompile>
    <ClCompile Include="66. Plus One.cpp">
      <Filter>源文件\BaseAlg\Simulation%28模拟规则或者流水线式代码，无特定分类%29</Filter>
    </ClCompile>
    <ClCompile Include="68. Text Justification.cpp">
      <Filter>源文件\BaseAlg\Simulation%28模拟规则或者流水线式代码，无特定分类%29</Filter>
    </ClCompile>
    <ClCompile Include="69. Sqrt(x).cpp">
      <Filter>源文件\SpecialAlg\Math</Filter>
    </ClCompile>
    <ClCompile Include="70. Climbing Stairs.cpp">
      <Filter>源文件\CommonAlg\DP</Filter>
    </ClCompile>
    <ClCompile Include="71. Simplify Path.cpp">
      <Filter>源文件\CommonAlg\Stack</Filter>
    </ClCompile>
    <ClCompile Include="72. Edit Distance.cpp">
      <Filter>源文件\CommonAlg\DP</Filter>
    </ClCompile>
    <ClCompile Include="73. Set Matrix Zeroes.cpp">
      <Filter>源文件\BaseAlg\Simulation%28模拟规则或者流水线式代码，无特定分类%29</Filter>
    </ClCompile>
    <ClCompile Include="74. Search a 2D Matrix.cpp">
      <Filter>源文件\CommonAlg\BinarySearch</Filter>
    </ClCompile>
    <ClCompile Include="76. Minimum Window Substring.cpp">
      <Filter>源文件\CommonAlg\SlidingWindow</Filter>
    </ClCompile>
    <ClCompile Include="77. Combinations.cpp">
      <Filter>源文件\CommonAlg\BackTrack</Filter>
    </ClCompile>
    <ClCompile Include="78. Subsets.cpp">
      <Filter>源文件\SpecialAlg\BitOperation</Filter>
    </ClCompile>
    <ClCompile Include="79. Word Search.cpp">
      <Filter>源文件\CommonAlg\DFS/BFS</Filter>
    </ClCompile>
    <ClCompile Include="80. Remove Duplicates from Sorted Array II.cpp">
      <Filter>源文件\BaseAlg\Simulation%28模拟规则或者流水线式代码，无特定分类%29</Filter>
    </ClCompile>
    <ClCompile Include="81. Search in Rotated Sorted Array II.cpp">
      <Filter>源文件\CommonAlg\BinarySearch</Filter>
    </ClCompile>
    <ClCompile Include="82. Remove Duplicates from Sorted List II.cpp">
      <Filter>源文件\SpecialAlg\ListNode</Filter>
    </ClCompile>
    <ClCompile Include="83. Remove Duplicates from Sorted List.cpp">
      <Filter>源文件\SpecialAlg\ListNode</Filter>
    </ClCompile>
    <ClCompile Include="84. Largest Rectangle in Histogram.cpp">
      <Filter>源文件\CommonAlg\Stack</Filter>
    </ClCompile>
    <ClCompile Include="85. Maximal Rectangle.cpp">
      <Filter>源文件\CommonAlg\Stack</Filter>
    </ClCompile>
    <ClCompile Include="86. Partition List.cpp">
      <Filter>源文件\SpecialAlg\ListNode</Filter>
    </ClCompile>
    <ClCompile Include="87. Scramble String.cpp">
      <Filter>源文件\CommonAlg\DP</Filter>
    </ClCompile>
    <ClCompile Include="88. Merge Sorted Array.cpp">
      <Filter>源文件\BaseAlg\Simulation%28模拟规则或者流水线式代码，无特定分类%29</Filter>
    </ClCompile>
    <ClCompile Include="89. Gray Code.cpp">
      <Filter>源文件\BaseAlg\Simulation%28模拟规则或者流水线式代码，无特定分类%29</Filter>
    </ClCompile>
    <ClCompile Include="90. Subsets II.cpp">
      <Filter>源文件\CommonAlg\BackTrack</Filter>
    </ClCompile>
    <ClCompile Include="91. Decode Ways.cpp">
      <Filter>源文件\CommonAlg\DP</Filter>
    </ClCompile>
    <ClCompile Include="92. Reverse Linked List II.cpp">
      <Filter>源文件\SpecialAlg\ListNode</Filter>
    </ClCompile>
    <ClCompile Include="93. Restore IP Addresses.cpp">
      <Filter>源文件\CommonAlg\BackTrack</Filter>
    </ClCompile>
    <ClCompile Include="94. Binary Tree Inorder Traversal.cpp">
      <Filter>源文件\SpecialAlg\BinaryTree</Filter>
    </ClCompile>
    <ClCompile Include="95. Unique Binary Search Trees II.cpp">
      <Filter>源文件\CommonAlg\DivideAndConquer</Filter>
    </ClCompile>
    <ClCompile Include="96. Unique Binary Search Trees.cpp">
      <Filter>源文件\CommonAlg\DP</Filter>
    </ClCompile>
    <ClCompile Include="97. Interleaving String.cpp">
      <Filter>源文件\CommonAlg\DP</Filter>
    </ClCompile>
    <ClCompile Include="98. Validate Binary Search Tree.cpp">
      <Filter>源文件\SpecialAlg\BinaryTree</Filter>
    </ClCompile>
    <ClCompile Include="99. Recover Binary Search Tree.cpp">
      <Filter>源文件\SpecialAlg\BinaryTree</Filter>
    </ClCompile>
    <ClCompile Include="100. Same Tree.cpp">
      <Filter>源文件\SpecialAlg\BinaryTree</Filter>
    </ClCompile>
    <ClCompile Include="101. symmetric-tree.cpp">
      <Filter>源文件\SpecialAlg\BinaryTree</Filter>
    </ClCompile>
    <ClCompile Include="102. binary-tree-level-order-traversal.cpp">
      <Filter>源文件\SpecialAlg\BinaryTree</Filter>
    </ClCompile>
    <ClCompile Include="103. binary-tree-zigzag-level-order-traversal.cpp">
      <Filter>源文件\SpecialAlg\BinaryTree</Filter>
    </ClCompile>
    <ClCompile Include="104. maximum-depth-of-binary-tree.cpp">
      <Filter>源文件\SpecialAlg\BinaryTree</Filter>
    </ClCompile>
    <ClCompile Include="105. construct-binary-tree-from-preorder-and-inorder-traversal.cpp">
      <Filter>源文件\SpecialAlg\BinaryTree</Filter>
    </ClCompile>
    <ClCompile Include="106. construct-binary-tree-from-inorder-and-postorder-traversal.cpp">
      <Filter>源文件\SpecialAlg\BinaryTree</Filter>
    </ClCompile>
    <ClCompile Include="107. binary-tree-level-order-traversal-ii.cpp">
      <Filter>源文件\SpecialAlg\BinaryTree</Filter>
    </ClCompile>
    <ClCompile Include="108. convert-sorted-array-to-binary-search-tree.cpp">
      <Filter>源文件\SpecialAlg\BinaryTree</Filter>
    </ClCompile>
    <ClCompile Include="109. convert-sorted-list-to-binary-search-tree.cpp">
      <Filter>源文件\SpecialAlg\BinaryTree</Filter>
    </ClCompile>
    <ClCompile Include="110. balanced-binary-tree.cpp">
      <Filter>源文件\SpecialAlg\BinaryTree</Filter>
    </ClCompile>
    <ClCompile Include="111. minimum-depth-of-binary-tree.cpp">
      <Filter>源文件\SpecialAlg\BinaryTree</Filter>
    </ClCompile>
    <ClCompile Include="112. path-sum.cpp">
      <Filter>源文件\SpecialAlg\BinaryTree</Filter>
    </ClCompile>
    <ClCompile Include="113. path-sum-ii.cpp">
      <Filter>源文件\SpecialAlg\BinaryTree</Filter>
    </ClCompile>
    <ClCompile Include="114. flatten-binary-tree-to-linked-list.cpp">
      <Filter>源文件\SpecialAlg\BinaryTree</Filter>
    </ClCompile>
    <ClCompile Include="115. distinct-subsequences.cpp">
      <Filter>源文件\CommonAlg\DP</Filter>
    </ClCompile>
    <ClCompile Include="116. populating-next-right-pointers-in-each-node.cpp">
      <Filter>源文件\SpecialAlg\BinaryTree</Filter>
    </ClCompile>
    <ClCompile Include="117. populating-next-right-pointers-in-each-node-ii.cpp">
      <Filter>源文件\SpecialAlg\BinaryTree</Filter>
    </ClCompile>
    <ClCompile Include="118. pascals-triangle.cpp">
      <Filter>源文件\BaseAlg\Simulation%28模拟规则或者流水线式代码，无特定分类%29</Filter>
    </ClCompile>
    <ClCompile Include="119. pascals-triangle-ii.cpp">
      <Filter>源文件\BaseAlg\Simulation%28模拟规则或者流水线式代码，无特定分类%29</Filter>
    </ClCompile>
    <ClCompile Include="120. triangle.cpp">
      <Filter>源文件\CommonAlg\DP</Filter>
    </ClCompile>
    <ClCompile Include="123. best-time-to-buy-and-sell-stock-iii.cpp">
      <Filter>源文件\CommonAlg\DP</Filter>
    </ClCompile>
    <ClCompile Include="124. binary-tree-maximum-path-sum.cpp">
      <Filter>源文件\SpecialAlg\BinaryTree</Filter>
    </ClCompile>
    <ClCompile Include="125. valid-palindrome.cpp">
      <Filter>源文件\BaseAlg\Simulation%28模拟规则或者流水线式代码，无特定分类%29</Filter>
    </ClCompile>
    <ClCompile Include="126. word-ladder-ii.cpp">
      <Filter>源文件\CommonAlg\DFS/BFS</Filter>
    </ClCompile>
    <ClCompile Include="127. word-ladder.cpp">
      <Filter>源文件\CommonAlg\DFS/BFS</Filter>
    </ClCompile>
    <ClCompile Include="129. sum-root-to-leaf-numbers.cpp">
      <Filter>源文件\SpecialAlg\BinaryTree</Filter>
    </ClCompile>
    <ClCompile Include="130. surrounded-regions.cpp">
      <Filter>源文件\CommonAlg\DFS/BFS</Filter>
    </ClCompile>
    <ClCompile Include="131. palindrome-partitioning.cpp">
      <Filter>源文件\CommonAlg\BackTrack</Filter>
    </ClCompile>
    <ClCompile Include="132. palindrome-partitioning-ii.cpp">
      <Filter>源文件\CommonAlg\DP</Filter>
    </ClCompile>
    <ClCompile Include="133. clone-graph.cpp">
      <Filter>源文件\CommonAlg\DFS/BFS</Filter>
    </ClCompile>
    <ClCompile Include="136. single-number.cpp">
      <Filter>源文件\SpecialAlg\BitOperation</Filter>
    </ClCompile>
    <ClCompile Include="137. single-number-ii.cpp">
      <Filter>源文件\SpecialAlg\BitOperation</Filter>
    </ClCompile>
    <ClCompile Include="138. copy-list-with-random-pointer.cpp">
      <Filter>源文件\SpecialAlg\ListNode</Filter>
    </ClCompile>
    <ClCompile Include="139. word-break.cpp">
      <Filter>源文件\CommonAlg\DP</Filter>
    </ClCompile>
    <ClCompile Include="140. word-break-ii.cpp">
      <Filter>源文件\CommonAlg\DFS/BFS</Filter>
    </ClCompile>
    <ClCompile Include="141. linked-list-cycle.cpp">
      <Filter>源文件\SpecialAlg\ListNode</Filter>
    </ClCompile>
    <ClCompile Include="142. linked-list-cycle-ii.cpp">
      <Filter>源文件\SpecialAlg\ListNode</Filter>
    </ClCompile>
    <ClCompile Include="143. reorder-list.cpp">
      <Filter>源文件\SpecialAlg\ListNode</Filter>
    </ClCompile>
    <ClCompile Include="144. binary-tree-preorder-traversal.cpp">
      <Filter>源文件\SpecialAlg\BinaryTree</Filter>
    </ClCompile>
    <ClCompile Include="145. binary-tree-postorder-traversal.cpp">
      <Filter>源文件\SpecialAlg\BinaryTree</Filter>
    </ClCompile>
    <ClCompile Include="146. lru-cache.cpp">
      <Filter>源文件\SpecialAlg\Design</Filter>
    </ClCompile>
    <ClCompile Include="147. insertion-sort-list.cpp">
      <Filter>源文件\SpecialAlg\ListNode</Filter>
    </ClCompile>
    <ClCompile Include="148. sort-list.cpp">
      <Filter>源文件\SpecialAlg\ListNode</Filter>
    </ClCompile>
    <ClCompile Include="149. max-points-on-a-line.cpp">
      <Filter>源文件\CommonAlg\Hash/Map/vectorTypeHash</Filter>
    </ClCompile>
    <ClCompile Include="150. evaluate-reverse-polish-notation.cpp">
      <Filter>源文件\CommonAlg\Stack</Filter>
    </ClCompile>
    <ClCompile Include="二维数组中的查找.cpp">
      <Filter>源文件\牛客</Filter>
    </ClCompile>
    <ClCompile Include="newcode 单词逆序.cpp">
      <Filter>源文件\牛客</Filter>
    </ClCompile>
    <ClCompile Include="newcode递增子序列.cpp">
      <Filter>源文件\牛客</Filter>
    </ClCompile>
    <ClCompile Include="newcode非递归方式遍历二叉树.cpp">
      <Filter>源文件\牛客</Filter>
    </ClCompile>
    <ClCompile Include="newcode合并二叉树.cpp">
      <Filter>源文件\牛客</Filter>
    </ClCompile>
    <ClCompile Include="newcode降水量.cpp">
      <Filter>源文件\牛客</Filter>
    </ClCompile>
    <ClCompile Include="newcode通用算法.cpp">
      <Filter>源文件\牛客</Filter>
    </ClCompile>
    <ClCompile Include="newcode硬币划分.cpp">
      <Filter>源文件\牛客</Filter>
    </ClCompile>
    <ClCompile Include="newcode字符串全排列.cpp">
      <Filter>源文件\牛客</Filter>
    </ClCompile>
    <ClCompile Include="最高分是多少.cpp">
      <Filter>源文件\牛客</Filter>
    </ClCompile>
    <ClCompile Include="构造回文.cpp">
      <Filter>源文件\牛客</Filter>
    </ClCompile>
    <ClCompile Include="进制转换.cpp">
      <Filter>源文件\牛客</Filter>
    </ClCompile>
    <ClCompile Include="明明的随机数.cpp">
      <Filter>源文件\牛客</Filter>
    </ClCompile>
    <ClCompile Include="汽水瓶.cpp">
      <Filter>源文件\牛客</Filter>
    </ClCompile>
    <ClCompile Include="有趣的数字.cpp">
      <Filter>源文件\牛客</Filter>
    </ClCompile>
    <ClCompile Include="字符移位.cpp">
      <Filter>源文件\牛客</Filter>
    </ClCompile>
    <ClCompile Include="151. reverse-words-in-a-string.cpp">
      <Filter>源文件\BaseAlg\FiniteStateMachine</Filter>
    </ClCompile>
    <ClCompile Include="152. maximum-product-subarray.cpp">
      <Filter>源文件\CommonAlg\DP</Filter>
    </ClCompile>
    <ClCompile Include="153. find-minimum-in-rotated-sorted-array.cpp">
      <Filter>源文件\CommonAlg\BinarySearch</Filter>
    </ClCompile>
    <ClCompile Include="154. find-minimum-in-rotated-sorted-array-ii.cpp">
      <Filter>源文件\CommonAlg\BinarySearch</Filter>
    </ClCompile>
    <ClCompile Include="155. min-stack.cpp">
      <Filter>源文件\SpecialAlg\Design</Filter>
    </ClCompile>
    <ClCompile Include="160. intersection-of-two-linked-lists.cpp">
      <Filter>源文件\SpecialAlg\ListNode</Filter>
    </ClCompile>
    <ClCompile Include="162. find-peak-element.cpp">
      <Filter>源文件\CommonAlg\BinarySearch</Filter>
    </ClCompile>
    <ClCompile Include="165. compare-version-numbers.cpp">
      <Filter>源文件\BaseAlg\FiniteStateMachine</Filter>
    </ClCompile>
    <ClCompile Include="166. fraction-to-recurring-decimal.cpp">
      <Filter>源文件\SpecialAlg\Math</Filter>
    </ClCompile>
    <ClCompile Include="167. two-sum-ii-input-array-is-sorted.cpp">
      <Filter>源文件\BaseAlg\Simulation%28模拟规则或者流水线式代码，无特定分类%29</Filter>
    </ClCompile>
    <ClCompile Include="168. excel-sheet-column-title.cpp">
      <Filter>源文件\SpecialAlg\Math</Filter>
    </ClCompile>
    <ClCompile Include="基数排序164. maximum-gap.cpp">
      <Filter>源文件\SpecialAlg\Special</Filter>
    </ClCompile>
    <ClCompile Include="三路快排75. Sort Colors.cpp">
      <Filter>源文件\SpecialAlg\Special</Filter>
    </ClCompile>
    <ClCompile Include="摩尔投票169. majority-element.cpp">
      <Filter>源文件\SpecialAlg\Special</Filter>
    </ClCompile>
    <ClCompile Include="128. longest-consecutive-sequence.cpp">
      <Filter>源文件\SpecialAlg\Others</Filter>
    </ClCompile>
    <ClCompile Include="171. excel-sheet-column-number.cpp">
      <Filter>源文件\SpecialAlg\Math</Filter>
    </ClCompile>
    <ClCompile Include="172. factorial-trailing-zeroes.cpp">
      <Filter>源文件\SpecialAlg\Math</Filter>
    </ClCompile>
    <ClCompile Include="173. binary-search-tree-iterator.cpp">
      <Filter>源文件\SpecialAlg\BinaryTree</Filter>
    </ClCompile>
    <ClCompile Include="174. dungeon-game.cpp">
      <Filter>源文件\CommonAlg\DP</Filter>
    </ClCompile>
    <ClCompile Include="179. largest-number.cpp">
      <Filter>源文件\BaseAlg\Simulation%28模拟规则或者流水线式代码，无特定分类%29</Filter>
    </ClCompile>
    <ClCompile Include="187. repeated-dna-sequences.cpp">
      <Filter>源文件\SpecialAlg\BitOperation</Filter>
    </ClCompile>
    <ClCompile Include="188. best-time-to-buy-and-sell-stock-iv.cpp">
      <Filter>源文件\CommonAlg\DP</Filter>
    </ClCompile>
    <ClCompile Include="189. rotate-array.cpp">
      <Filter>源文件\BaseAlg\Simulation%28模拟规则或者流水线式代码，无特定分类%29</Filter>
    </ClCompile>
    <ClCompile Include="190. reverse-bits.cpp">
      <Filter>源文件\SpecialAlg\BitOperation</Filter>
    </ClCompile>
    <ClCompile Include="191. number-of-1-bits.cpp">
      <Filter>源文件\SpecialAlg\BitOperation</Filter>
    </ClCompile>
    <ClCompile Include="198. house-robber.cpp">
      <Filter>源文件\CommonAlg\DP</Filter>
    </ClCompile>
    <ClCompile Include="199. binary-tree-right-side-view.cpp">
      <Filter>源文件\SpecialAlg\BinaryTree</Filter>
    </ClCompile>
    <ClCompile Include="200. number-of-islands.cpp">
      <Filter>源文件\CommonAlg\DFS/BFS</Filter>
    </ClCompile>
    <ClCompile Include="201. bitwise-and-of-numbers-range.cpp">
      <Filter>源文件\SpecialAlg\BitOperation</Filter>
    </ClCompile>
    <ClCompile Include="202. happy-number.cpp">
      <Filter>源文件\BaseAlg\Simulation%28模拟规则或者流水线式代码，无特定分类%29</Filter>
    </ClCompile>
    <ClCompile Include="203. remove-linked-list-elements.cpp">
      <Filter>源文件\SpecialAlg\ListNode</Filter>
    </ClCompile>
    <ClCompile Include="204. count-primes.cpp">
      <Filter>源文件\CommonAlg\DP</Filter>
    </ClCompile>
    <ClCompile Include="205. isomorphic-strings.cpp">
      <Filter>源文件\BaseAlg\Simulation%28模拟规则或者流水线式代码，无特定分类%29</Filter>
    </ClCompile>
    <ClCompile Include="206. reverse-linked-list.cpp">
      <Filter>源文件\SpecialAlg\ListNode</Filter>
    </ClCompile>
    <ClCompile Include="207. course-schedule.cpp">
      <Filter>源文件\CommonAlg\拓扑排序</Filter>
    </ClCompile>
    <ClCompile Include="208. implement-trie-prefix-tree.cpp">
      <Filter>源文件\HardAlg\前缀树</Filter>
    </ClCompile>
    <ClCompile Include="209. minimum-size-subarray-sum.cpp">
      <Filter>源文件\CommonAlg\SlidingWindow</Filter>
    </ClCompile>
    <ClCompile Include="210. course-schedule-ii.cpp">
      <Filter>源文件\CommonAlg\拓扑排序</Filter>
    </ClCompile>
    <ClCompile Include="211. add-and-search-word-data-structure-design.cpp">
      <Filter>源文件\HardAlg\前缀树</Filter>
    </ClCompile>
    <ClCompile Include="212. word-search-ii.cpp">
      <Filter>源文件\HardAlg\前缀树</Filter>
    </ClCompile>
    <ClCompile Include="213. house-robber-ii.cpp">
      <Filter>源文件\CommonAlg\DP</Filter>
    </ClCompile>
    <ClCompile Include="Manacher算法214. shortest-palindrome.cpp">
      <Filter>源文件\SpecialAlg\Special</Filter>
    </ClCompile>
    <ClCompile Include="215. kth-largest-element-in-an-array.cpp">
      <Filter>源文件\BaseAlg\Simulation%28模拟规则或者流水线式代码，无特定分类%29</Filter>
    </ClCompile>
    <ClCompile Include="216. combination-sum-iii.cpp">
      <Filter>源文件\CommonAlg\BackTrack</Filter>
    </ClCompile>
    <ClCompile Include="217. contains-duplicate.cpp">
      <Filter>源文件\BaseAlg\Simulation%28模拟规则或者流水线式代码，无特定分类%29</Filter>
    </ClCompile>
    <ClCompile Include="218. the-skyline-problem.cpp">
      <Filter>源文件\HardAlg\线段树/sqrt%28n%29算法</Filter>
    </ClCompile>
    <ClCompile Include="219. contains-duplicate-ii.cpp">
      <Filter>源文件\BaseAlg\Simulation%28模拟规则或者流水线式代码，无特定分类%29</Filter>
    </ClCompile>
    <ClCompile Include="220. contains-duplicate-iii.cpp">
      <Filter>源文件\CommonAlg\SortPreTreat先排序再模拟</Filter>
    </ClCompile>
    <ClCompile Include="221. maximal-square.cpp">
      <Filter>源文件\CommonAlg\DP</Filter>
    </ClCompile>
    <ClCompile Include="222. count-complete-tree-nodes.cpp">
      <Filter>源文件\SpecialAlg\BinaryTree</Filter>
    </ClCompile>
    <ClCompile Include="223. rectangle-area.cpp">
      <Filter>源文件\SpecialAlg\Math</Filter>
    </ClCompile>
    <ClCompile Include="224. basic-calculator.cpp">
      <Filter>源文件\CommonAlg\Stack</Filter>
    </ClCompile>
    <ClCompile Include="225. implement-stack-using-queues.cpp">
      <Filter>源文件\SpecialAlg\Design</Filter>
    </ClCompile>
    <ClCompile Include="226. invert-binary-tree.cpp">
      <Filter>源文件\SpecialAlg\BinaryTree</Filter>
    </ClCompile>
    <ClCompile Include="227. basic-calculator-ii.cpp">
      <Filter>源文件\BaseAlg\FiniteStateMachine</Filter>
    </ClCompile>
    <ClCompile Include="228. summary-ranges.cpp">
      <Filter>源文件\BaseAlg\Simulation%28模拟规则或者流水线式代码，无特定分类%29</Filter>
    </ClCompile>
    <ClCompile Include="摩尔投票法升级229. majority-element-ii.cpp">
      <Filter>源文件\SpecialAlg\Special</Filter>
    </ClCompile>
    <ClCompile Include="230. kth-smallest-element-in-a-bst.cpp">
      <Filter>源文件\SpecialAlg\BinaryTree</Filter>
    </ClCompile>
    <ClCompile Include="231. power-of-two.cpp">
      <Filter>源文件\SpecialAlg\BitOperation</Filter>
    </ClCompile>
    <ClCompile Include="232. implement-queue-using-stacks.cpp">
      <Filter>源文件\SpecialAlg\Design</Filter>
    </ClCompile>
    <ClCompile Include="233. number-of-digit-one.cpp">
      <Filter>源文件\SpecialAlg\Math</Filter>
    </ClCompile>
    <ClCompile Include="234. palindrome-linked-list.cpp">
      <Filter>源文件\SpecialAlg\ListNode</Filter>
    </ClCompile>
    <ClCompile Include="235. lowest-common-ancestor-of-a-binary-search-tree.cpp">
      <Filter>源文件\SpecialAlg\BinaryTree</Filter>
    </ClCompile>
    <ClCompile Include="236. lowest-common-ancestor-of-a-binary-tree.cpp">
      <Filter>源文件\SpecialAlg\BinaryTree</Filter>
    </ClCompile>
    <ClCompile Include="237. delete-node-in-a-linked-list.cpp">
      <Filter>源文件\SpecialAlg\ListNode</Filter>
    </ClCompile>
    <ClCompile Include="238. product-of-array-except-self.cpp">
      <Filter>源文件\CommonAlg\DP</Filter>
    </ClCompile>
    <ClCompile Include="239. sliding-window-maximum.cpp">
      <Filter>源文件\CommonAlg\SlidingWindow</Filter>
    </ClCompile>
    <ClCompile Include="240. search-a-2d-matrix-ii.cpp">
      <Filter>源文件\CommonAlg\Greedy</Filter>
    </ClCompile>
    <ClCompile Include="241. different-ways-to-add-parentheses.cpp">
      <Filter>源文件\CommonAlg\DivideAndConquer</Filter>
    </ClCompile>
    <ClCompile Include="242. valid-anagram.cpp">
      <Filter>源文件\BaseAlg\Simulation%28模拟规则或者流水线式代码，无特定分类%29</Filter>
    </ClCompile>
    <ClCompile Include="257. binary-tree-paths.cpp">
      <Filter>源文件\SpecialAlg\BinaryTree</Filter>
    </ClCompile>
    <ClCompile Include="258. add-digits.cpp">
      <Filter>源文件\SpecialAlg\Math</Filter>
    </ClCompile>
    <ClCompile Include="260. single-number-iii.cpp">
      <Filter>源文件\SpecialAlg\BitOperation</Filter>
    </ClCompile>
    <ClCompile Include="263. ugly-number.cpp">
      <Filter>源文件\SpecialAlg\Math</Filter>
    </ClCompile>
    <ClCompile Include="264. ugly-number-ii.cpp">
      <Filter>源文件\CommonAlg\DP</Filter>
    </ClCompile>
    <ClCompile Include="268. missing-number.cpp">
      <Filter>源文件\BaseAlg\Simulation%28模拟规则或者流水线式代码，无特定分类%29</Filter>
    </ClCompile>
    <ClCompile Include="273. integer-to-english-words.cpp">
      <Filter>源文件\BaseAlg\Simulation%28模拟规则或者流水线式代码，无特定分类%29</Filter>
    </ClCompile>
    <ClCompile Include="274. h-index.cpp">
      <Filter>源文件\CommonAlg\DP</Filter>
    </ClCompile>
    <ClCompile Include="275. h-index-ii.cpp">
      <Filter>源文件\CommonAlg\BinarySearch</Filter>
    </ClCompile>
    <ClCompile Include="278. first-bad-version.cpp">
      <Filter>源文件\CommonAlg\BinarySearch</Filter>
    </ClCompile>
    <ClCompile Include="279. perfect-squares.cpp">
      <Filter>源文件\CommonAlg\DP</Filter>
    </ClCompile>
    <ClCompile Include="282. expression-add-operators.cpp">
      <Filter>源文件\CommonAlg\BackTrack</Filter>
    </ClCompile>
    <ClCompile Include="283. move-zeroes.cpp">
      <Filter>源文件\BaseAlg\Simulation%28模拟规则或者流水线式代码，无特定分类%29</Filter>
    </ClCompile>
    <ClCompile Include="284. peeking-iterator.cpp">
      <Filter>源文件\SpecialAlg\Design</Filter>
    </ClCompile>
    <ClCompile Include="287. find-the-duplicate-number.cpp">
      <Filter>源文件\SpecialAlg\ListNode</Filter>
    </ClCompile>
    <ClCompile Include="289. game-of-life.cpp">
      <Filter>源文件\BaseAlg\Simulation%28模拟规则或者流水线式代码，无特定分类%29</Filter>
    </ClCompile>
    <ClCompile Include="290. word-pattern.cpp">
      <Filter>源文件\CommonAlg\Hash/Map/vectorTypeHash</Filter>
    </ClCompile>
    <ClCompile Include="292. nim-game.cpp">
      <Filter>源文件\SpecialAlg\Math</Filter>
    </ClCompile>
    <ClCompile Include="295. find-median-from-data-stream.cpp">
      <Filter>源文件\CommonAlg\优先队列/大顶堆/小顶堆</Filter>
    </ClCompile>
    <ClCompile Include="297. serialize-and-deserialize-binary-tree.cpp">
      <Filter>源文件\SpecialAlg\BinaryTree</Filter>
    </ClCompile>
    <ClCompile Include="299. bulls-and-cows.cpp">
      <Filter>源文件\BaseAlg\Simulation%28模拟规则或者流水线式代码，无特定分类%29</Filter>
    </ClCompile>
    <ClCompile Include="300. longest-increasing-subsequence.cpp">
      <Filter>源文件\CommonAlg\BinarySearch</Filter>
    </ClCompile>
    <ClCompile Include="301. remove-invalid-parentheses.cpp">
      <Filter>源文件\CommonAlg\BackTrack</Filter>
    </ClCompile>
    <ClCompile Include="303. range-sum-query-immutable.cpp">
      <Filter>源文件\CommonAlg\DP</Filter>
    </ClCompile>
    <ClCompile Include="304. range-sum-query-2d-immutable.cpp">
      <Filter>源文件\CommonAlg\DP</Filter>
    </ClCompile>
    <ClCompile Include="306. additive-number.cpp">
      <Filter>源文件\CommonAlg\DFS/BFS</Filter>
    </ClCompile>
    <ClCompile Include="307. range-sum-query-mutable.cpp">
      <Filter>源文件\HardAlg\线段树/sqrt%28n%29算法</Filter>
    </ClCompile>
    <ClCompile Include="309. best-time-to-buy-and-sell-stock-with-cooldown.cpp">
      <Filter>源文件\CommonAlg\DP</Filter>
    </ClCompile>
    <ClCompile Include="310. minimum-height-trees.cpp">
      <Filter>源文件\BaseAlg\Simulation%28模拟规则或者流水线式代码，无特定分类%29</Filter>
    </ClCompile>
    <ClCompile Include="312. burst-balloons.cpp">
      <Filter>源文件\CommonAlg\DP</Filter>
    </ClCompile>
    <ClCompile Include="313. super-ugly-number.cpp">
      <Filter>源文件\CommonAlg\DP</Filter>
    </ClCompile>
    <ClCompile Include="315. count-of-smaller-numbers-after-self.cpp">
      <Filter>源文件\CommonAlg\DivideAndConquer</Filter>
    </ClCompile>
    <ClCompile Include="316. remove-duplicate-letters.cpp">
      <Filter>源文件\CommonAlg\Stack</Filter>
    </ClCompile>
    <ClCompile Include="318. maximum-product-of-word-lengths.cpp">
      <Filter>源文件\SpecialAlg\BitOperation</Filter>
    </ClCompile>
    <ClCompile Include="319. bulb-switcher.cpp">
      <Filter>源文件\SpecialAlg\Math</Filter>
    </ClCompile>
    <ClCompile Include="321. create-maximum-number.cpp">
      <Filter>源文件\CommonAlg\DivideAndConquer</Filter>
    </ClCompile>
    <ClCompile Include="322. coin-change.cpp">
      <Filter>源文件\CommonAlg\DP</Filter>
    </ClCompile>
    <ClCompile Include="324. wiggle-sort-ii.cpp">
      <Filter>源文件\CommonAlg\SortPreTreat先排序再模拟</Filter>
    </ClCompile>
    <ClCompile Include="326. power-of-three.cpp">
      <Filter>源文件\SpecialAlg\Math</Filter>
    </ClCompile>
    <ClCompile Include="327. count-of-range-sum.cpp">
      <Filter>源文件\HardAlg\线段树/sqrt%28n%29算法</Filter>
    </ClCompile>
    <ClCompile Include="328. odd-even-linked-list.cpp">
      <Filter>源文件\SpecialAlg\ListNode</Filter>
    </ClCompile>
    <ClCompile Include="329. longest-increasing-path-in-a-matrix.cpp">
      <Filter>源文件\CommonAlg\DFS/BFS</Filter>
    </ClCompile>
    <ClCompile Include="330. patching-array.cpp">
      <Filter>源文件\SpecialAlg\Others</Filter>
    </ClCompile>
    <ClCompile Include="331. verify-preorder-serialization-of-a-binary-tree.cpp">
      <Filter>源文件\SpecialAlg\BinaryTree</Filter>
    </ClCompile>
    <ClCompile Include="332. Reconstruct Itinerary.cpp">
      <Filter>源文件\CommonAlg\DFS/BFS</Filter>
    </ClCompile>
    <ClCompile Include="334. increasing-triplet-subsequence.cpp">
      <Filter>源文件\CommonAlg\Greedy</Filter>
    </ClCompile>
    <ClCompile Include="337. House Robber III.cpp">
      <Filter>源文件\SpecialAlg\BinaryTree</Filter>
    </ClCompile>
    <ClCompile Include="338. counting-bits.cpp">
      <Filter>源文件\CommonAlg\DP</Filter>
    </ClCompile>
    <ClCompile Include="335. self-crossing.cpp">
      <Filter>源文件\CommonAlg\SlidingWindow</Filter>
    </ClCompile>
    <ClCompile Include="336. palindrome-pairs.cpp">
      <Filter>源文件\CommonAlg\Hash/Map/vectorTypeHash</Filter>
    </ClCompile>
    <ClCompile Include="341. flatten-nested-list-iterator.cpp">
      <Filter>源文件\SpecialAlg\Design</Filter>
    </ClCompile>
    <ClCompile Include="342. power-of-four.cpp">
      <Filter>源文件\SpecialAlg\Math</Filter>
    </ClCompile>
    <ClCompile Include="343. integer-break.cpp">
      <Filter>源文件\SpecialAlg\Math</Filter>
    </ClCompile>
    <ClCompile Include="344. reverse-string.cpp">
      <Filter>源文件\BaseAlg\Simulation%28模拟规则或者流水线式代码，无特定分类%29</Filter>
    </ClCompile>
    <ClCompile Include="345. Reverse Vowels of a String.cpp">
      <Filter>源文件\BaseAlg\Simulation%28模拟规则或者流水线式代码，无特定分类%29</Filter>
    </ClCompile>
    <ClCompile Include="347. top-k-frequent-elements.cpp">
      <Filter>源文件\BaseAlg\Simulation%28模拟规则或者流水线式代码，无特定分类%29</Filter>
    </ClCompile>
    <ClCompile Include="349. Intersection of Two Arrays.cpp">
      <Filter>源文件\BaseAlg\Simulation%28模拟规则或者流水线式代码，无特定分类%29</Filter>
    </ClCompile>
    <ClCompile Include="350. Intersection of Two Arrays II.cpp">
      <Filter>源文件\BaseAlg\Simulation%28模拟规则或者流水线式代码，无特定分类%29</Filter>
    </ClCompile>
    <ClCompile Include="352. data-stream-as-disjoint-intervals.cpp">
      <Filter>源文件\CommonAlg\Hash/Map/vectorTypeHash</Filter>
    </ClCompile>
    <ClCompile Include="55. Jump Game.cpp">
      <Filter>源文件\CommonAlg\Greedy</Filter>
    </ClCompile>
    <ClCompile Include="121. best-time-to-buy-and-sell-stock.cpp">
      <Filter>源文件\CommonAlg\Greedy</Filter>
    </ClCompile>
    <ClCompile Include="122. best-time-to-buy-and-sell-stock-ii.cpp">
      <Filter>源文件\CommonAlg\Greedy</Filter>
    </ClCompile>
    <ClCompile Include="134. gas-station.cpp">
      <Filter>源文件\CommonAlg\Greedy</Filter>
    </ClCompile>
    <ClCompile Include="135. candy.cpp">
      <Filter>源文件\CommonAlg\Greedy</Filter>
    </ClCompile>
    <ClCompile Include="354. russian-doll-envelopes.cpp">
      <Filter>源文件\CommonAlg\BinarySearch</Filter>
    </ClCompile>
    <ClCompile Include="355. design-twitter.cpp">
      <Filter>源文件\SpecialAlg\Design</Filter>
    </ClCompile>
    <ClCompile Include="357. count-numbers-with-unique-digits.cpp">
      <Filter>源文件\SpecialAlg\Math</Filter>
    </ClCompile>
    <ClCompile Include="363. max-sum-of-rectangle-no-larger-than-k.cpp">
      <Filter>源文件\CommonAlg\DP</Filter>
    </ClCompile>
    <ClCompile Include="365. water-and-jug-problem.cpp">
      <Filter>源文件\SpecialAlg\Math</Filter>
    </ClCompile>
    <ClCompile Include="367. Valid Perfect Square.cpp">
      <Filter>源文件\SpecialAlg\Math</Filter>
    </ClCompile>
    <ClCompile Include="368. largest-divisible-subset.cpp">
      <Filter>源文件\CommonAlg\DP</Filter>
    </ClCompile>
    <ClCompile Include="371. Sum of Two Integers.cpp">
      <Filter>源文件\SpecialAlg\ListNode</Filter>
    </ClCompile>
    <ClCompile Include="372. super-pow.cpp">
      <Filter>源文件\SpecialAlg\Math</Filter>
    </ClCompile>
    <ClCompile Include="373. find-k-pairs-with-smallest-sums.cpp">
      <Filter>源文件\CommonAlg\DP</Filter>
    </ClCompile>
    <ClCompile Include="374. Guess Number Higher or Lower.cpp">
      <Filter>源文件\CommonAlg\BinarySearch</Filter>
    </ClCompile>
    <ClCompile Include="375. guess-number-higher-or-lower-ii.cpp">
      <Filter>源文件\CommonAlg\DP</Filter>
    </ClCompile>
    <ClCompile Include="376. wiggle-subsequence.cpp">
      <Filter>源文件\CommonAlg\Greedy</Filter>
    </ClCompile>
    <ClCompile Include="377. combination-sum-iv.cpp">
      <Filter>源文件\CommonAlg\DP</Filter>
    </ClCompile>
    <ClCompile Include="378. kth-smallest-element-in-a-sorted-matrix.cpp">
      <Filter>源文件\CommonAlg\BinarySearch</Filter>
    </ClCompile>
    <ClCompile Include="380. insert-delete-getrandom-o1.cpp">
      <Filter>源文件\SpecialAlg\Design</Filter>
    </ClCompile>
    <ClCompile Include="400. nth-digit.cpp">
      <Filter>源文件</Filter>
    </ClCompile>
    <ClCompile Include="401. binary-watch.cpp">
      <Filter>源文件</Filter>
    </ClCompile>
    <ClCompile Include="381. insert-delete-getrandom-o1-duplicates-allowed.cpp">
      <Filter>源文件\SpecialAlg\Design</Filter>
    </ClCompile>
    <ClCompile Include="382. linked-list-random-node.cpp">
      <Filter>源文件\SpecialAlg\随机数</Filter>
    </ClCompile>
    <ClCompile Include="383. ransom-note.cpp">
      <Filter>源文件\CommonAlg\Hash/Map/vectorTypeHash</Filter>
    </ClCompile>
    <ClCompile Include="384. shuffle-an-array.cpp">
      <Filter>源文件\SpecialAlg\随机数</Filter>
    </ClCompile>
    <ClCompile Include="385. mini-parser.cpp">
      <Filter>源文件\SpecialAlg\Design</Filter>
    </ClCompile>
    <ClCompile Include="386. lexicographical-numbers.cpp">
      <Filter>源文件\SpecialAlg\Math</Filter>
    </ClCompile>
    <ClCompile Include="387. First Unique Character in a String.cpp">
      <Filter>源文件\CommonAlg\Hash/Map/vectorTypeHash</Filter>
    </ClCompile>
    <ClCompile Include="388. longest-absolute-file-path.cpp">
      <Filter>源文件\CommonAlg\BackTrack</Filter>
    </ClCompile>
    <ClCompile Include="389. Find the Difference.cpp">
      <Filter>源文件\CommonAlg\Hash/Map/vectorTypeHash</Filter>
    </ClCompile>
    <ClCompile Include="390. elimination-game.cpp">
      <Filter>源文件\SpecialAlg\Math</Filter>
    </ClCompile>
    <ClCompile Include="391. perfect-rectangle.cpp">
      <Filter>源文件\SpecialAlg\Math</Filter>
    </ClCompile>
    <ClCompile Include="392. is-subsequence.cpp">
      <Filter>源文件\BaseAlg\Simulation%28模拟规则或者流水线式代码，无特定分类%29</Filter>
    </ClCompile>
    <ClCompile Include="393. utf-8-validation.cpp">
      <Filter>源文件\BaseAlg\Simulation%28模拟规则或者流水线式代码，无特定分类%29</Filter>
    </ClCompile>
    <ClCompile Include="394. Decode String.cpp">
      <Filter>源文件\CommonAlg\DFS/BFS</Filter>
    </ClCompile>
    <ClCompile Include="395. longest-substring-with-at-least-k-repeating-characters.cpp">
      <Filter>源文件\CommonAlg\DivideAndConquer</Filter>
    </ClCompile>
    <ClCompile Include="396. rotate-function.cpp">
      <Filter>源文件\CommonAlg\DP</Filter>
    </ClCompile>
    <ClCompile Include="397. submissions.cpp">
      <Filter>源文件\SpecialAlg\Math</Filter>
    </ClCompile>
    <ClCompile Include="398. random-pick-index.cpp">
      <Filter>源文件\SpecialAlg\随机数</Filter>
    </ClCompile>
    <ClCompile Include="399. evaluate-division.cpp">
      <Filter>源文件\CommonAlg\并查集</Filter>
    </ClCompile>
  </ItemGroup>
</Project>